// !$*UTF8*$!
{
	archiveVersion = 1;
	classes = {
	};
	objectVersion = 46;
	objects = {

/* Begin PBXBuildFile section */
		6E0D932E1CA19AC900513D88 /* WebViewController.swift in Sources */ = {isa = PBXBuildFile; fileRef = 6E0D932D1CA19AC900513D88 /* WebViewController.swift */; };
<<<<<<< HEAD
<<<<<<< HEAD
		6E3DB0351CB9643B00610980 /* CloudKit.framework in Frameworks */ = {isa = PBXBuildFile; fileRef = 6E3DB0341CB9643B00610980 /* CloudKit.framework */; };
=======
>>>>>>> parent of e1b54fb... CloudKit
=======
>>>>>>> parent of e1b54fb... CloudKit
		6E7830D31C849BD300434B77 /* Assets.xcassets in Resources */ = {isa = PBXBuildFile; fileRef = 6E7830D21C849BD300434B77 /* Assets.xcassets */; };
		6E7830EE1C85D4A500434B77 /* MapKit.framework in Frameworks */ = {isa = PBXBuildFile; fileRef = 6E7830ED1C85D4A500434B77 /* MapKit.framework */; };
		6E7830F01C85EF7800434B77 /* MapViewController.swift in Sources */ = {isa = PBXBuildFile; fileRef = 6E7830EF1C85EF7800434B77 /* MapViewController.swift */; };
		6E7830F41C8867EB00434B77 /* AddResturantController.swift in Sources */ = {isa = PBXBuildFile; fileRef = 6E7830F31C8867EB00434B77 /* AddResturantController.swift */; };
		6E7831181C8ADF7800434B77 /* FoodPin.xcdatamodeld in Sources */ = {isa = PBXBuildFile; fileRef = 6E7831161C8ADF7800434B77 /* FoodPin.xcdatamodeld */; };
		6E93DCEA1CB696F6005599F0 /* DiscoverTableViewController.swift in Sources */ = {isa = PBXBuildFile; fileRef = 6E93DCE91CB696F6005599F0 /* DiscoverTableViewController.swift */; };
		6EAA389C1CB5711F00FECA64 /* CloudKit.framework in Frameworks */ = {isa = PBXBuildFile; fileRef = 6EAA389B1CB5711F00FECA64 /* CloudKit.framework */; };
		6EC9F6CC1C95A1E80083D273 /* WalkthroughContentViewController.swift in Sources */ = {isa = PBXBuildFile; fileRef = 6EC9F6CB1C95A1E80083D273 /* WalkthroughContentViewController.swift */; };
		6EC9F6CE1C95A8860083D273 /* WalkthroughPageViewController.swift in Sources */ = {isa = PBXBuildFile; fileRef = 6EC9F6CD1C95A8860083D273 /* WalkthroughPageViewController.swift */; };
		6EC9F6D11C99A92F0083D273 /* About.storyboard in Resources */ = {isa = PBXBuildFile; fileRef = 6EC9F6CF1C99A92F0083D273 /* About.storyboard */; };
		6EC9F6D31C99A9C10083D273 /* Discover.storyboard in Resources */ = {isa = PBXBuildFile; fileRef = 6EC9F6D21C99A9C10083D273 /* Discover.storyboard */; };
		6EC9F6D51C99AC9D0083D273 /* AboutTableViewController.swift in Sources */ = {isa = PBXBuildFile; fileRef = 6EC9F6D41C99AC9D0083D273 /* AboutTableViewController.swift */; };
		6EE615FC1C7F4D3700C8C36C /* ReviewViewController.swift in Sources */ = {isa = PBXBuildFile; fileRef = 6EE615FB1C7F4D3700C8C36C /* ReviewViewController.swift */; };
		F424267E1B85B2FD0019B8F0 /* Restaurant.swift in Sources */ = {isa = PBXBuildFile; fileRef = F424267D1B85B2FD0019B8F0 /* Restaurant.swift */; };
		F45820BA1B8AAC09000E50CC /* RestaurantDetailTableViewCell.swift in Sources */ = {isa = PBXBuildFile; fileRef = F45820B91B8AAC09000E50CC /* RestaurantDetailTableViewCell.swift */; };
		F4AAE2BB1B7DAC29001D8E75 /* AppDelegate.swift in Sources */ = {isa = PBXBuildFile; fileRef = F4AAE2BA1B7DAC29001D8E75 /* AppDelegate.swift */; };
		F4AAE2C01B7DAC29001D8E75 /* Main.storyboard in Resources */ = {isa = PBXBuildFile; fileRef = F4AAE2BE1B7DAC29001D8E75 /* Main.storyboard */; };
		F4AAE2C51B7DAC29001D8E75 /* LaunchScreen.storyboard in Resources */ = {isa = PBXBuildFile; fileRef = F4AAE2C31B7DAC29001D8E75 /* LaunchScreen.storyboard */; };
		F4AAE2CD1B7DB3A9001D8E75 /* RestaurantTableViewController.swift in Sources */ = {isa = PBXBuildFile; fileRef = F4AAE2CC1B7DB3A9001D8E75 /* RestaurantTableViewController.swift */; };
		F4C566211B7EEB00008C8AEF /* RestaurantTableViewCell.swift in Sources */ = {isa = PBXBuildFile; fileRef = F4C566201B7EEB00008C8AEF /* RestaurantTableViewCell.swift */; };
		F4E27E811B84858F0015C354 /* RestaurantDetailViewController.swift in Sources */ = {isa = PBXBuildFile; fileRef = F4E27E801B84858F0015C354 /* RestaurantDetailViewController.swift */; };
/* End PBXBuildFile section */

/* Begin PBXFileReference section */
		6E0D932D1CA19AC900513D88 /* WebViewController.swift */ = {isa = PBXFileReference; fileEncoding = 4; lastKnownFileType = sourcecode.swift; path = WebViewController.swift; sourceTree = "<group>"; };
<<<<<<< HEAD
<<<<<<< HEAD
		6E3DB0341CB9643B00610980 /* CloudKit.framework */ = {isa = PBXFileReference; lastKnownFileType = wrapper.framework; name = CloudKit.framework; path = System/Library/Frameworks/CloudKit.framework; sourceTree = SDKROOT; };
=======
>>>>>>> parent of e1b54fb... CloudKit
=======
>>>>>>> parent of e1b54fb... CloudKit
		6E7830D21C849BD300434B77 /* Assets.xcassets */ = {isa = PBXFileReference; lastKnownFileType = folder.assetcatalog; path = Assets.xcassets; sourceTree = "<group>"; };
		6E7830ED1C85D4A500434B77 /* MapKit.framework */ = {isa = PBXFileReference; lastKnownFileType = wrapper.framework; name = MapKit.framework; path = System/Library/Frameworks/MapKit.framework; sourceTree = SDKROOT; };
		6E7830EF1C85EF7800434B77 /* MapViewController.swift */ = {isa = PBXFileReference; fileEncoding = 4; lastKnownFileType = sourcecode.swift; path = MapViewController.swift; sourceTree = "<group>"; };
		6E7830F31C8867EB00434B77 /* AddResturantController.swift */ = {isa = PBXFileReference; fileEncoding = 4; lastKnownFileType = sourcecode.swift; path = AddResturantController.swift; sourceTree = "<group>"; };
		6E7831171C8ADF7800434B77 /* FoodPin.xcdatamodel */ = {isa = PBXFileReference; lastKnownFileType = wrapper.xcdatamodel; path = FoodPin.xcdatamodel; sourceTree = "<group>"; };
		6E7831191C8DC8E500434B77 /* FoodPin 2.xcdatamodel */ = {isa = PBXFileReference; lastKnownFileType = wrapper.xcdatamodel; path = "FoodPin 2.xcdatamodel"; sourceTree = "<group>"; };
		6E93DCE91CB696F6005599F0 /* DiscoverTableViewController.swift */ = {isa = PBXFileReference; fileEncoding = 4; lastKnownFileType = sourcecode.swift; path = DiscoverTableViewController.swift; sourceTree = "<group>"; };
		6EAA389A1CB570ED00FECA64 /* FoodPin.entitlements */ = {isa = PBXFileReference; lastKnownFileType = text.xml; path = FoodPin.entitlements; sourceTree = "<group>"; };
		6EAA389B1CB5711F00FECA64 /* CloudKit.framework */ = {isa = PBXFileReference; lastKnownFileType = wrapper.framework; name = CloudKit.framework; path = System/Library/Frameworks/CloudKit.framework; sourceTree = SDKROOT; };
		6EC9F6CB1C95A1E80083D273 /* WalkthroughContentViewController.swift */ = {isa = PBXFileReference; fileEncoding = 4; lastKnownFileType = sourcecode.swift; path = WalkthroughContentViewController.swift; sourceTree = "<group>"; };
		6EC9F6CD1C95A8860083D273 /* WalkthroughPageViewController.swift */ = {isa = PBXFileReference; fileEncoding = 4; lastKnownFileType = sourcecode.swift; path = WalkthroughPageViewController.swift; sourceTree = "<group>"; };
		6EC9F6D01C99A92F0083D273 /* Base */ = {isa = PBXFileReference; lastKnownFileType = file.storyboard; name = Base; path = Base.lproj/About.storyboard; sourceTree = "<group>"; };
		6EC9F6D21C99A9C10083D273 /* Discover.storyboard */ = {isa = PBXFileReference; fileEncoding = 4; lastKnownFileType = file.storyboard; path = Discover.storyboard; sourceTree = "<group>"; };
		6EC9F6D41C99AC9D0083D273 /* AboutTableViewController.swift */ = {isa = PBXFileReference; fileEncoding = 4; lastKnownFileType = sourcecode.swift; path = AboutTableViewController.swift; sourceTree = "<group>"; };
		6EE615FB1C7F4D3700C8C36C /* ReviewViewController.swift */ = {isa = PBXFileReference; fileEncoding = 4; lastKnownFileType = sourcecode.swift; path = ReviewViewController.swift; sourceTree = "<group>"; };
		F424267D1B85B2FD0019B8F0 /* Restaurant.swift */ = {isa = PBXFileReference; fileEncoding = 4; lastKnownFileType = sourcecode.swift; path = Restaurant.swift; sourceTree = "<group>"; };
		F45820B91B8AAC09000E50CC /* RestaurantDetailTableViewCell.swift */ = {isa = PBXFileReference; fileEncoding = 4; lastKnownFileType = sourcecode.swift; path = RestaurantDetailTableViewCell.swift; sourceTree = "<group>"; };
		F4AAE2B71B7DAC29001D8E75 /* FoodPin.app */ = {isa = PBXFileReference; explicitFileType = wrapper.application; includeInIndex = 0; path = FoodPin.app; sourceTree = BUILT_PRODUCTS_DIR; };
		F4AAE2BA1B7DAC29001D8E75 /* AppDelegate.swift */ = {isa = PBXFileReference; lastKnownFileType = sourcecode.swift; path = AppDelegate.swift; sourceTree = "<group>"; };
		F4AAE2BF1B7DAC29001D8E75 /* Base */ = {isa = PBXFileReference; lastKnownFileType = file.storyboard; name = Base; path = Base.lproj/Main.storyboard; sourceTree = "<group>"; };
		F4AAE2C41B7DAC29001D8E75 /* Base */ = {isa = PBXFileReference; lastKnownFileType = file.storyboard; name = Base; path = Base.lproj/LaunchScreen.storyboard; sourceTree = "<group>"; };
		F4AAE2C61B7DAC29001D8E75 /* Info.plist */ = {isa = PBXFileReference; lastKnownFileType = text.plist.xml; path = Info.plist; sourceTree = "<group>"; };
		F4AAE2CC1B7DB3A9001D8E75 /* RestaurantTableViewController.swift */ = {isa = PBXFileReference; fileEncoding = 4; lastKnownFileType = sourcecode.swift; path = RestaurantTableViewController.swift; sourceTree = "<group>"; };
		F4C566201B7EEB00008C8AEF /* RestaurantTableViewCell.swift */ = {isa = PBXFileReference; fileEncoding = 4; lastKnownFileType = sourcecode.swift; path = RestaurantTableViewCell.swift; sourceTree = "<group>"; };
		F4E27E801B84858F0015C354 /* RestaurantDetailViewController.swift */ = {isa = PBXFileReference; fileEncoding = 4; lastKnownFileType = sourcecode.swift; path = RestaurantDetailViewController.swift; sourceTree = "<group>"; };
/* End PBXFileReference section */

/* Begin PBXFrameworksBuildPhase section */
		F4AAE2B41B7DAC29001D8E75 /* Frameworks */ = {
			isa = PBXFrameworksBuildPhase;
			buildActionMask = 2147483647;
			files = (
				6E7830EE1C85D4A500434B77 /* MapKit.framework in Frameworks */,
<<<<<<< HEAD
<<<<<<< HEAD
				6E3DB0351CB9643B00610980 /* CloudKit.framework in Frameworks */,
=======
				6EAA389C1CB5711F00FECA64 /* CloudKit.framework in Frameworks */,
>>>>>>> parent of e1b54fb... CloudKit
=======
				6EAA389C1CB5711F00FECA64 /* CloudKit.framework in Frameworks */,
>>>>>>> parent of e1b54fb... CloudKit
			);
			runOnlyForDeploymentPostprocessing = 0;
		};
/* End PBXFrameworksBuildPhase section */

/* Begin PBXGroup section */
		F4AAE2AE1B7DAC29001D8E75 = {
			isa = PBXGroup;
			children = (
<<<<<<< HEAD
<<<<<<< HEAD
				6E3DB0341CB9643B00610980 /* CloudKit.framework */,
=======
				6EAA389B1CB5711F00FECA64 /* CloudKit.framework */,
>>>>>>> parent of e1b54fb... CloudKit
=======
				6EAA389B1CB5711F00FECA64 /* CloudKit.framework */,
>>>>>>> parent of e1b54fb... CloudKit
				6E7831161C8ADF7800434B77 /* FoodPin.xcdatamodeld */,
				6E7830ED1C85D4A500434B77 /* MapKit.framework */,
				F4AAE2B91B7DAC29001D8E75 /* FoodPin */,
				F4AAE2B81B7DAC29001D8E75 /* Products */,
			);
			sourceTree = "<group>";
		};
		F4AAE2B81B7DAC29001D8E75 /* Products */ = {
			isa = PBXGroup;
			children = (
				F4AAE2B71B7DAC29001D8E75 /* FoodPin.app */,
			);
			name = Products;
			sourceTree = "<group>";
		};
		F4AAE2B91B7DAC29001D8E75 /* FoodPin */ = {
			isa = PBXGroup;
			children = (
				6EAA389A1CB570ED00FECA64 /* FoodPin.entitlements */,
				6E7830D21C849BD300434B77 /* Assets.xcassets */,
				F4AAE2BA1B7DAC29001D8E75 /* AppDelegate.swift */,
				F4AAE2BE1B7DAC29001D8E75 /* Main.storyboard */,
				6EC9F6D21C99A9C10083D273 /* Discover.storyboard */,
				6EC9F6CF1C99A92F0083D273 /* About.storyboard */,
				F4AAE2C31B7DAC29001D8E75 /* LaunchScreen.storyboard */,
				F4AAE2C61B7DAC29001D8E75 /* Info.plist */,
				F4AAE2CC1B7DB3A9001D8E75 /* RestaurantTableViewController.swift */,
				F4C566201B7EEB00008C8AEF /* RestaurantTableViewCell.swift */,
				F4E27E801B84858F0015C354 /* RestaurantDetailViewController.swift */,
				F424267D1B85B2FD0019B8F0 /* Restaurant.swift */,
				F45820B91B8AAC09000E50CC /* RestaurantDetailTableViewCell.swift */,
				6EE615FB1C7F4D3700C8C36C /* ReviewViewController.swift */,
				6E7830EF1C85EF7800434B77 /* MapViewController.swift */,
				6E7830F31C8867EB00434B77 /* AddResturantController.swift */,
				6EC9F6CB1C95A1E80083D273 /* WalkthroughContentViewController.swift */,
				6EC9F6CD1C95A8860083D273 /* WalkthroughPageViewController.swift */,
				6EC9F6D41C99AC9D0083D273 /* AboutTableViewController.swift */,
				6E0D932D1CA19AC900513D88 /* WebViewController.swift */,
				6E93DCE91CB696F6005599F0 /* DiscoverTableViewController.swift */,
			);
			path = FoodPin;
			sourceTree = "<group>";
		};
/* End PBXGroup section */

/* Begin PBXNativeTarget section */
		F4AAE2B61B7DAC29001D8E75 /* FoodPin */ = {
			isa = PBXNativeTarget;
			buildConfigurationList = F4AAE2C91B7DAC29001D8E75 /* Build configuration list for PBXNativeTarget "FoodPin" */;
			buildPhases = (
				F4AAE2B31B7DAC29001D8E75 /* Sources */,
				F4AAE2B41B7DAC29001D8E75 /* Frameworks */,
				F4AAE2B51B7DAC29001D8E75 /* Resources */,
			);
			buildRules = (
			);
			dependencies = (
			);
			name = FoodPin;
			productName = FoodPin;
			productReference = F4AAE2B71B7DAC29001D8E75 /* FoodPin.app */;
			productType = "com.apple.product-type.application";
		};
/* End PBXNativeTarget section */

/* Begin PBXProject section */
		F4AAE2AF1B7DAC29001D8E75 /* Project object */ = {
			isa = PBXProject;
			attributes = {
				LastUpgradeCheck = 0700;
				ORGANIZATIONNAME = AppCoda;
				TargetAttributes = {
					F4AAE2B61B7DAC29001D8E75 = {
						CreatedOnToolsVersion = 7.0;
						DevelopmentTeam = CJGCJCDVR3;
						SystemCapabilities = {
							com.apple.Maps.iOS = {
								enabled = 1;
							};
							com.apple.iCloud = {
								enabled = 1;
							};
						};
					};
				};
			};
			buildConfigurationList = F4AAE2B21B7DAC29001D8E75 /* Build configuration list for PBXProject "FoodPin" */;
			compatibilityVersion = "Xcode 3.2";
			developmentRegion = English;
			hasScannedForEncodings = 0;
			knownRegions = (
				en,
				Base,
			);
			mainGroup = F4AAE2AE1B7DAC29001D8E75;
			productRefGroup = F4AAE2B81B7DAC29001D8E75 /* Products */;
			projectDirPath = "";
			projectRoot = "";
			targets = (
				F4AAE2B61B7DAC29001D8E75 /* FoodPin */,
			);
		};
/* End PBXProject section */

/* Begin PBXResourcesBuildPhase section */
		F4AAE2B51B7DAC29001D8E75 /* Resources */ = {
			isa = PBXResourcesBuildPhase;
			buildActionMask = 2147483647;
			files = (
				F4AAE2C51B7DAC29001D8E75 /* LaunchScreen.storyboard in Resources */,
				6E7830D31C849BD300434B77 /* Assets.xcassets in Resources */,
				6EC9F6D31C99A9C10083D273 /* Discover.storyboard in Resources */,
				6EC9F6D11C99A92F0083D273 /* About.storyboard in Resources */,
				F4AAE2C01B7DAC29001D8E75 /* Main.storyboard in Resources */,
			);
			runOnlyForDeploymentPostprocessing = 0;
		};
/* End PBXResourcesBuildPhase section */

/* Begin PBXSourcesBuildPhase section */
		F4AAE2B31B7DAC29001D8E75 /* Sources */ = {
			isa = PBXSourcesBuildPhase;
			buildActionMask = 2147483647;
			files = (
				6E7830F41C8867EB00434B77 /* AddResturantController.swift in Sources */,
				6EC9F6D51C99AC9D0083D273 /* AboutTableViewController.swift in Sources */,
				F424267E1B85B2FD0019B8F0 /* Restaurant.swift in Sources */,
				F4AAE2CD1B7DB3A9001D8E75 /* RestaurantTableViewController.swift in Sources */,
				F4C566211B7EEB00008C8AEF /* RestaurantTableViewCell.swift in Sources */,
				F45820BA1B8AAC09000E50CC /* RestaurantDetailTableViewCell.swift in Sources */,
				6EC9F6CC1C95A1E80083D273 /* WalkthroughContentViewController.swift in Sources */,
				6EC9F6CE1C95A8860083D273 /* WalkthroughPageViewController.swift in Sources */,
				6E7831181C8ADF7800434B77 /* FoodPin.xcdatamodeld in Sources */,
				F4E27E811B84858F0015C354 /* RestaurantDetailViewController.swift in Sources */,
				F4AAE2BB1B7DAC29001D8E75 /* AppDelegate.swift in Sources */,
				6E0D932E1CA19AC900513D88 /* WebViewController.swift in Sources */,
				6EE615FC1C7F4D3700C8C36C /* ReviewViewController.swift in Sources */,
				6E93DCEA1CB696F6005599F0 /* DiscoverTableViewController.swift in Sources */,
				6E7830F01C85EF7800434B77 /* MapViewController.swift in Sources */,
			);
			runOnlyForDeploymentPostprocessing = 0;
		};
/* End PBXSourcesBuildPhase section */

/* Begin PBXVariantGroup section */
		6EC9F6CF1C99A92F0083D273 /* About.storyboard */ = {
			isa = PBXVariantGroup;
			children = (
				6EC9F6D01C99A92F0083D273 /* Base */,
			);
			name = About.storyboard;
			sourceTree = "<group>";
		};
		F4AAE2BE1B7DAC29001D8E75 /* Main.storyboard */ = {
			isa = PBXVariantGroup;
			children = (
				F4AAE2BF1B7DAC29001D8E75 /* Base */,
			);
			name = Main.storyboard;
			sourceTree = "<group>";
		};
		F4AAE2C31B7DAC29001D8E75 /* LaunchScreen.storyboard */ = {
			isa = PBXVariantGroup;
			children = (
				F4AAE2C41B7DAC29001D8E75 /* Base */,
			);
			name = LaunchScreen.storyboard;
			sourceTree = "<group>";
		};
/* End PBXVariantGroup section */

/* Begin XCBuildConfiguration section */
		F4AAE2C71B7DAC29001D8E75 /* Debug */ = {
			isa = XCBuildConfiguration;
			buildSettings = {
				ALWAYS_SEARCH_USER_PATHS = NO;
				CLANG_CXX_LANGUAGE_STANDARD = "gnu++0x";
				CLANG_CXX_LIBRARY = "libc++";
				CLANG_ENABLE_MODULES = YES;
				CLANG_ENABLE_OBJC_ARC = YES;
				CLANG_WARN_BOOL_CONVERSION = YES;
				CLANG_WARN_CONSTANT_CONVERSION = YES;
				CLANG_WARN_DIRECT_OBJC_ISA_USAGE = YES_ERROR;
				CLANG_WARN_EMPTY_BODY = YES;
				CLANG_WARN_ENUM_CONVERSION = YES;
				CLANG_WARN_INT_CONVERSION = YES;
				CLANG_WARN_OBJC_ROOT_CLASS = YES_ERROR;
				CLANG_WARN_UNREACHABLE_CODE = YES;
				CLANG_WARN__DUPLICATE_METHOD_MATCH = YES;
				"CODE_SIGN_IDENTITY[sdk=iphoneos*]" = "iPhone Developer";
				COPY_PHASE_STRIP = NO;
				DEBUG_INFORMATION_FORMAT = dwarf;
				ENABLE_STRICT_OBJC_MSGSEND = YES;
				ENABLE_TESTABILITY = YES;
				GCC_C_LANGUAGE_STANDARD = gnu99;
				GCC_DYNAMIC_NO_PIC = NO;
				GCC_NO_COMMON_BLOCKS = YES;
				GCC_OPTIMIZATION_LEVEL = 0;
				GCC_PREPROCESSOR_DEFINITIONS = (
					"DEBUG=1",
					"$(inherited)",
				);
				GCC_WARN_64_TO_32_BIT_CONVERSION = YES;
				GCC_WARN_ABOUT_RETURN_TYPE = YES_ERROR;
				GCC_WARN_UNDECLARED_SELECTOR = YES;
				GCC_WARN_UNINITIALIZED_AUTOS = YES_AGGRESSIVE;
				GCC_WARN_UNUSED_FUNCTION = YES;
				GCC_WARN_UNUSED_VARIABLE = YES;
				IPHONEOS_DEPLOYMENT_TARGET = 9.0;
				MTL_ENABLE_DEBUG_INFO = YES;
				ONLY_ACTIVE_ARCH = YES;
				SDKROOT = iphoneos;
				SWIFT_OPTIMIZATION_LEVEL = "-Onone";
			};
			name = Debug;
		};
		F4AAE2C81B7DAC29001D8E75 /* Release */ = {
			isa = XCBuildConfiguration;
			buildSettings = {
				ALWAYS_SEARCH_USER_PATHS = NO;
				CLANG_CXX_LANGUAGE_STANDARD = "gnu++0x";
				CLANG_CXX_LIBRARY = "libc++";
				CLANG_ENABLE_MODULES = YES;
				CLANG_ENABLE_OBJC_ARC = YES;
				CLANG_WARN_BOOL_CONVERSION = YES;
				CLANG_WARN_CONSTANT_CONVERSION = YES;
				CLANG_WARN_DIRECT_OBJC_ISA_USAGE = YES_ERROR;
				CLANG_WARN_EMPTY_BODY = YES;
				CLANG_WARN_ENUM_CONVERSION = YES;
				CLANG_WARN_INT_CONVERSION = YES;
				CLANG_WARN_OBJC_ROOT_CLASS = YES_ERROR;
				CLANG_WARN_UNREACHABLE_CODE = YES;
				CLANG_WARN__DUPLICATE_METHOD_MATCH = YES;
				"CODE_SIGN_IDENTITY[sdk=iphoneos*]" = "iPhone Developer";
				COPY_PHASE_STRIP = NO;
				DEBUG_INFORMATION_FORMAT = "dwarf-with-dsym";
				ENABLE_NS_ASSERTIONS = NO;
				ENABLE_STRICT_OBJC_MSGSEND = YES;
				GCC_C_LANGUAGE_STANDARD = gnu99;
				GCC_NO_COMMON_BLOCKS = YES;
				GCC_WARN_64_TO_32_BIT_CONVERSION = YES;
				GCC_WARN_ABOUT_RETURN_TYPE = YES_ERROR;
				GCC_WARN_UNDECLARED_SELECTOR = YES;
				GCC_WARN_UNINITIALIZED_AUTOS = YES_AGGRESSIVE;
				GCC_WARN_UNUSED_FUNCTION = YES;
				GCC_WARN_UNUSED_VARIABLE = YES;
				IPHONEOS_DEPLOYMENT_TARGET = 9.0;
				MTL_ENABLE_DEBUG_INFO = NO;
				SDKROOT = iphoneos;
				VALIDATE_PRODUCT = YES;
			};
			name = Release;
		};
		F4AAE2CA1B7DAC29001D8E75 /* Debug */ = {
			isa = XCBuildConfiguration;
			buildSettings = {
				ASSETCATALOG_COMPILER_APPICON_NAME = AppIcon;
				CODE_SIGN_ENTITLEMENTS = FoodPin/FoodPin.entitlements;
				CODE_SIGN_IDENTITY = "iPhone Developer";
				"CODE_SIGN_IDENTITY[sdk=iphoneos*]" = "iPhone Developer";
				INFOPLIST_FILE = FoodPin/Info.plist;
				LD_RUNPATH_SEARCH_PATHS = "$(inherited) @executable_path/Frameworks";
				PRODUCT_BUNDLE_IDENTIFIER = woodme.momento;
				PRODUCT_NAME = "$(TARGET_NAME)";
				PROVISIONING_PROFILE = "";
			};
			name = Debug;
		};
		F4AAE2CB1B7DAC29001D8E75 /* Release */ = {
			isa = XCBuildConfiguration;
			buildSettings = {
				ASSETCATALOG_COMPILER_APPICON_NAME = AppIcon;
				CODE_SIGN_ENTITLEMENTS = FoodPin/FoodPin.entitlements;
				CODE_SIGN_IDENTITY = "iPhone Developer";
				"CODE_SIGN_IDENTITY[sdk=iphoneos*]" = "iPhone Developer";
				INFOPLIST_FILE = FoodPin/Info.plist;
				LD_RUNPATH_SEARCH_PATHS = "$(inherited) @executable_path/Frameworks";
				PRODUCT_BUNDLE_IDENTIFIER = woodme.momento;
				PRODUCT_NAME = "$(TARGET_NAME)";
				PROVISIONING_PROFILE = "";
			};
			name = Release;
		};
/* End XCBuildConfiguration section */

/* Begin XCConfigurationList section */
		F4AAE2B21B7DAC29001D8E75 /* Build configuration list for PBXProject "FoodPin" */ = {
			isa = XCConfigurationList;
			buildConfigurations = (
				F4AAE2C71B7DAC29001D8E75 /* Debug */,
				F4AAE2C81B7DAC29001D8E75 /* Release */,
			);
			defaultConfigurationIsVisible = 0;
			defaultConfigurationName = Release;
		};
		F4AAE2C91B7DAC29001D8E75 /* Build configuration list for PBXNativeTarget "FoodPin" */ = {
			isa = XCConfigurationList;
			buildConfigurations = (
				F4AAE2CA1B7DAC29001D8E75 /* Debug */,
				F4AAE2CB1B7DAC29001D8E75 /* Release */,
			);
			defaultConfigurationIsVisible = 0;
			defaultConfigurationName = Release;
		};
/* End XCConfigurationList section */

/* Begin XCVersionGroup section */
		6E7831161C8ADF7800434B77 /* FoodPin.xcdatamodeld */ = {
			isa = XCVersionGroup;
			children = (
				6E7831191C8DC8E500434B77 /* FoodPin 2.xcdatamodel */,
				6E7831171C8ADF7800434B77 /* FoodPin.xcdatamodel */,
			);
			currentVersion = 6E7831191C8DC8E500434B77 /* FoodPin 2.xcdatamodel */;
			name = FoodPin.xcdatamodeld;
			path = FoodPin/FoodPin.xcdatamodeld;
			sourceTree = "<group>";
			versionGroupType = wrapper.xcdatamodel;
		};
/* End XCVersionGroup section */
	};
	rootObject = F4AAE2AF1B7DAC29001D8E75 /* Project object */;
}
