// !$*UTF8*$!
{
	archiveVersion = 1;
	classes = {
	};
	objectVersion = 46;
	objects = {

/* Begin PBXBuildFile section */
		6E261C031CE8620600507ECB /* Assets.xcassets in Resources */ = {isa = PBXBuildFile; fileRef = 6E261C021CE8620600507ECB /* Assets.xcassets */; };
		6E9B95291CDF7B1F00D1E9C1 /* AppDelegate.swift in Sources */ = {isa = PBXBuildFile; fileRef = 6E9B95281CDF7B1F00D1E9C1 /* AppDelegate.swift */; };
		6E9B952B1CDF7B1F00D1E9C1 /* CardViewController.swift in Sources */ = {isa = PBXBuildFile; fileRef = 6E9B952A1CDF7B1F00D1E9C1 /* CardViewController.swift */; };
		6E9B952E1CDF7B1F00D1E9C1 /* Main.storyboard in Resources */ = {isa = PBXBuildFile; fileRef = 6E9B952C1CDF7B1F00D1E9C1 /* Main.storyboard */; };
		6E9B95331CDF7B1F00D1E9C1 /* LaunchScreen.storyboard in Resources */ = {isa = PBXBuildFile; fileRef = 6E9B95311CDF7B1F00D1E9C1 /* LaunchScreen.storyboard */; };
		6E9B953E1CDF7B1F00D1E9C1 /* MomentoMoriTests.swift in Sources */ = {isa = PBXBuildFile; fileRef = 6E9B953D1CDF7B1F00D1E9C1 /* MomentoMoriTests.swift */; };
		6E9B95491CDF7B1F00D1E9C1 /* MomentoMoriUITests.swift in Sources */ = {isa = PBXBuildFile; fileRef = 6E9B95481CDF7B1F00D1E9C1 /* MomentoMoriUITests.swift */; };
		6EDAD1711CE0E27700FE7667 /* CardCollectionViewCell.swift in Sources */ = {isa = PBXBuildFile; fileRef = 6EDAD1701CE0E27700FE7667 /* CardCollectionViewCell.swift */; };
		6EDAD1741CE0E5D500FE7667 /* Card.swift in Sources */ = {isa = PBXBuildFile; fileRef = 6EDAD1731CE0E5D500FE7667 /* Card.swift */; };
/* End PBXBuildFile section */

/* Begin PBXContainerItemProxy section */
		6E9B953A1CDF7B1F00D1E9C1 /* PBXContainerItemProxy */ = {
			isa = PBXContainerItemProxy;
			containerPortal = 6E9B951D1CDF7B1F00D1E9C1 /* Project object */;
			proxyType = 1;
			remoteGlobalIDString = 6E9B95241CDF7B1F00D1E9C1;
			remoteInfo = MomentoMori;
		};
		6E9B95451CDF7B1F00D1E9C1 /* PBXContainerItemProxy */ = {
			isa = PBXContainerItemProxy;
			containerPortal = 6E9B951D1CDF7B1F00D1E9C1 /* Project object */;
			proxyType = 1;
			remoteGlobalIDString = 6E9B95241CDF7B1F00D1E9C1;
			remoteInfo = MomentoMori;
		};
/* End PBXContainerItemProxy section */

/* Begin PBXFileReference section */
		6E261C021CE8620600507ECB /* Assets.xcassets */ = {isa = PBXFileReference; lastKnownFileType = folder.assetcatalog; path = Assets.xcassets; sourceTree = "<group>"; };
		6E9B95251CDF7B1F00D1E9C1 /* MomentoMori.app */ = {isa = PBXFileReference; explicitFileType = wrapper.application; includeInIndex = 0; path = MomentoMori.app; sourceTree = BUILT_PRODUCTS_DIR; };
		6E9B95281CDF7B1F00D1E9C1 /* AppDelegate.swift */ = {isa = PBXFileReference; lastKnownFileType = sourcecode.swift; path = AppDelegate.swift; sourceTree = "<group>"; };
		6E9B952A1CDF7B1F00D1E9C1 /* CardViewController.swift */ = {isa = PBXFileReference; lastKnownFileType = sourcecode.swift; name = CardViewController.swift; path = MomentoMori/CardViewController.swift; sourceTree = "<group>"; };
		6E9B952D1CDF7B1F00D1E9C1 /* Base */ = {isa = PBXFileReference; lastKnownFileType = file.storyboard; name = Base; path = Base.lproj/Main.storyboard; sourceTree = "<group>"; };
		6E9B95321CDF7B1F00D1E9C1 /* Base */ = {isa = PBXFileReference; lastKnownFileType = file.storyboard; name = Base; path = Base.lproj/LaunchScreen.storyboard; sourceTree = "<group>"; };
		6E9B95341CDF7B1F00D1E9C1 /* Info.plist */ = {isa = PBXFileReference; lastKnownFileType = text.plist.xml; path = Info.plist; sourceTree = "<group>"; };
		6E9B95391CDF7B1F00D1E9C1 /* MomentoMoriTests.xctest */ = {isa = PBXFileReference; explicitFileType = wrapper.cfbundle; includeInIndex = 0; path = MomentoMoriTests.xctest; sourceTree = BUILT_PRODUCTS_DIR; };
		6E9B953D1CDF7B1F00D1E9C1 /* MomentoMoriTests.swift */ = {isa = PBXFileReference; lastKnownFileType = sourcecode.swift; path = MomentoMoriTests.swift; sourceTree = "<group>"; };
		6E9B953F1CDF7B1F00D1E9C1 /* Info.plist */ = {isa = PBXFileReference; lastKnownFileType = text.plist.xml; path = Info.plist; sourceTree = "<group>"; };
		6E9B95441CDF7B1F00D1E9C1 /* MomentoMoriUITests.xctest */ = {isa = PBXFileReference; explicitFileType = wrapper.cfbundle; includeInIndex = 0; path = MomentoMoriUITests.xctest; sourceTree = BUILT_PRODUCTS_DIR; };
		6E9B95481CDF7B1F00D1E9C1 /* MomentoMoriUITests.swift */ = {isa = PBXFileReference; lastKnownFileType = sourcecode.swift; path = MomentoMoriUITests.swift; sourceTree = "<group>"; };
		6E9B954A1CDF7B1F00D1E9C1 /* Info.plist */ = {isa = PBXFileReference; lastKnownFileType = text.plist.xml; path = Info.plist; sourceTree = "<group>"; };
		6EDAD1701CE0E27700FE7667 /* CardCollectionViewCell.swift */ = {isa = PBXFileReference; fileEncoding = 4; lastKnownFileType = sourcecode.swift; name = CardCollectionViewCell.swift; path = MomentoMori/CardCollectionViewCell.swift; sourceTree = "<group>"; };
		6EDAD1731CE0E5D500FE7667 /* Card.swift */ = {isa = PBXFileReference; fileEncoding = 4; lastKnownFileType = sourcecode.swift; path = Card.swift; sourceTree = "<group>"; };
/* End PBXFileReference section */

/* Begin PBXFrameworksBuildPhase section */
		6E9B95221CDF7B1F00D1E9C1 /* Frameworks */ = {
			isa = PBXFrameworksBuildPhase;
			buildActionMask = 2147483647;
			files = (
			);
			runOnlyForDeploymentPostprocessing = 0;
		};
		6E9B95361CDF7B1F00D1E9C1 /* Frameworks */ = {
			isa = PBXFrameworksBuildPhase;
			buildActionMask = 2147483647;
			files = (
			);
			runOnlyForDeploymentPostprocessing = 0;
		};
		6E9B95411CDF7B1F00D1E9C1 /* Frameworks */ = {
			isa = PBXFrameworksBuildPhase;
			buildActionMask = 2147483647;
			files = (
			);
			runOnlyForDeploymentPostprocessing = 0;
		};
/* End PBXFrameworksBuildPhase section */

/* Begin PBXGroup section */
		6E9B951C1CDF7B1F00D1E9C1 = {
			isa = PBXGroup;
			children = (
				6E9B95271CDF7B1F00D1E9C1 /* MomentoMori */,
				6EDAD1721CE0E3EB00FE7667 /* Controller */,
				6E9B953C1CDF7B1F00D1E9C1 /* MomentoMoriTests */,
				6E9B95471CDF7B1F00D1E9C1 /* MomentoMoriUITests */,
				6E9B95261CDF7B1F00D1E9C1 /* Products */,
			);
			sourceTree = "<group>";
		};
		6E9B95261CDF7B1F00D1E9C1 /* Products */ = {
			isa = PBXGroup;
			children = (
				6E9B95251CDF7B1F00D1E9C1 /* MomentoMori.app */,
				6E9B95391CDF7B1F00D1E9C1 /* MomentoMoriTests.xctest */,
				6E9B95441CDF7B1F00D1E9C1 /* MomentoMoriUITests.xctest */,
			);
			name = Products;
			sourceTree = "<group>";
		};
		6E9B95271CDF7B1F00D1E9C1 /* MomentoMori */ = {
			isa = PBXGroup;
			children = (
				6E9B95281CDF7B1F00D1E9C1 /* AppDelegate.swift */,
				6E261C021CE8620600507ECB /* Assets.xcassets */,
				6E9B952C1CDF7B1F00D1E9C1 /* Main.storyboard */,
				6E9B95311CDF7B1F00D1E9C1 /* LaunchScreen.storyboard */,
				6E9B95341CDF7B1F00D1E9C1 /* Info.plist */,
			);
			path = MomentoMori;
			sourceTree = "<group>";
		};
		6E9B953C1CDF7B1F00D1E9C1 /* MomentoMoriTests */ = {
			isa = PBXGroup;
			children = (
				6E9B953D1CDF7B1F00D1E9C1 /* MomentoMoriTests.swift */,
				6E9B953F1CDF7B1F00D1E9C1 /* Info.plist */,
			);
			path = MomentoMoriTests;
			sourceTree = "<group>";
		};
		6E9B95471CDF7B1F00D1E9C1 /* MomentoMoriUITests */ = {
			isa = PBXGroup;
			children = (
				6E9B95481CDF7B1F00D1E9C1 /* MomentoMoriUITests.swift */,
				6E9B954A1CDF7B1F00D1E9C1 /* Info.plist */,
			);
			path = MomentoMoriUITests;
			sourceTree = "<group>";
		};
		6EDAD1721CE0E3EB00FE7667 /* Controller */ = {
			isa = PBXGroup;
			children = (
				6E9B952A1CDF7B1F00D1E9C1 /* CardViewController.swift */,
				6EDAD1701CE0E27700FE7667 /* CardCollectionViewCell.swift */,
				6EDAD1731CE0E5D500FE7667 /* Card.swift */,
			);
			name = Controller;
			sourceTree = "<group>";
		};
/* End PBXGroup section */

/* Begin PBXNativeTarget section */
		6E9B95241CDF7B1F00D1E9C1 /* MomentoMori */ = {
			isa = PBXNativeTarget;
			buildConfigurationList = 6E9B954D1CDF7B1F00D1E9C1 /* Build configuration list for PBXNativeTarget "MomentoMori" */;
			buildPhases = (
				6E9B95211CDF7B1F00D1E9C1 /* Sources */,
				6E9B95221CDF7B1F00D1E9C1 /* Frameworks */,
				6E9B95231CDF7B1F00D1E9C1 /* Resources */,
			);
			buildRules = (
			);
			dependencies = (
			);
			name = MomentoMori;
			productName = MomentoMori;
			productReference = 6E9B95251CDF7B1F00D1E9C1 /* MomentoMori.app */;
			productType = "com.apple.product-type.application";
		};
		6E9B95381CDF7B1F00D1E9C1 /* MomentoMoriTests */ = {
			isa = PBXNativeTarget;
			buildConfigurationList = 6E9B95501CDF7B1F00D1E9C1 /* Build configuration list for PBXNativeTarget "MomentoMoriTests" */;
			buildPhases = (
				6E9B95351CDF7B1F00D1E9C1 /* Sources */,
				6E9B95361CDF7B1F00D1E9C1 /* Frameworks */,
				6E9B95371CDF7B1F00D1E9C1 /* Resources */,
			);
			buildRules = (
			);
			dependencies = (
				6E9B953B1CDF7B1F00D1E9C1 /* PBXTargetDependency */,
			);
			name = MomentoMoriTests;
			productName = MomentoMoriTests;
			productReference = 6E9B95391CDF7B1F00D1E9C1 /* MomentoMoriTests.xctest */;
			productType = "com.apple.product-type.bundle.unit-test";
		};
		6E9B95431CDF7B1F00D1E9C1 /* MomentoMoriUITests */ = {
			isa = PBXNativeTarget;
			buildConfigurationList = 6E9B95531CDF7B1F00D1E9C1 /* Build configuration list for PBXNativeTarget "MomentoMoriUITests" */;
			buildPhases = (
				6E9B95401CDF7B1F00D1E9C1 /* Sources */,
				6E9B95411CDF7B1F00D1E9C1 /* Frameworks */,
				6E9B95421CDF7B1F00D1E9C1 /* Resources */,
			);
			buildRules = (
			);
			dependencies = (
				6E9B95461CDF7B1F00D1E9C1 /* PBXTargetDependency */,
			);
			name = MomentoMoriUITests;
			productName = MomentoMoriUITests;
			productReference = 6E9B95441CDF7B1F00D1E9C1 /* MomentoMoriUITests.xctest */;
			productType = "com.apple.product-type.bundle.ui-testing";
		};
/* End PBXNativeTarget section */

/* Begin PBXProject section */
		6E9B951D1CDF7B1F00D1E9C1 /* Project object */ = {
			isa = PBXProject;
			attributes = {
				LastSwiftUpdateCheck = 0730;
				LastUpgradeCheck = 0730;
				ORGANIZATIONNAME = "wood lou";
				TargetAttributes = {
					6E9B95241CDF7B1F00D1E9C1 = {
						CreatedOnToolsVersion = 7.3;
					};
					6E9B95381CDF7B1F00D1E9C1 = {
						CreatedOnToolsVersion = 7.3;
						TestTargetID = 6E9B95241CDF7B1F00D1E9C1;
					};
					6E9B95431CDF7B1F00D1E9C1 = {
						CreatedOnToolsVersion = 7.3;
						TestTargetID = 6E9B95241CDF7B1F00D1E9C1;
					};
				};
			};
			buildConfigurationList = 6E9B95201CDF7B1F00D1E9C1 /* Build configuration list for PBXProject "MomentoMori" */;
			compatibilityVersion = "Xcode 3.2";
			developmentRegion = English;
			hasScannedForEncodings = 0;
			knownRegions = (
				en,
				Base,
			);
			mainGroup = 6E9B951C1CDF7B1F00D1E9C1;
			productRefGroup = 6E9B95261CDF7B1F00D1E9C1 /* Products */;
			projectDirPath = "";
			projectRoot = "";
			targets = (
				6E9B95241CDF7B1F00D1E9C1 /* MomentoMori */,
				6E9B95381CDF7B1F00D1E9C1 /* MomentoMoriTests */,
				6E9B95431CDF7B1F00D1E9C1 /* MomentoMoriUITests */,
			);
		};
/* End PBXProject section */

/* Begin PBXResourcesBuildPhase section */
		6E9B95231CDF7B1F00D1E9C1 /* Resources */ = {
			isa = PBXResourcesBuildPhase;
			buildActionMask = 2147483647;
			files = (
				6E9B95331CDF7B1F00D1E9C1 /* LaunchScreen.storyboard in Resources */,
				6E261C031CE8620600507ECB /* Assets.xcassets in Resources */,
				6E9B952E1CDF7B1F00D1E9C1 /* Main.storyboard in Resources */,
			);
			runOnlyForDeploymentPostprocessing = 0;
		};
		6E9B95371CDF7B1F00D1E9C1 /* Resources */ = {
			isa = PBXResourcesBuildPhase;
			buildActionMask = 2147483647;
			files = (
			);
			runOnlyForDeploymentPostprocessing = 0;
		};
		6E9B95421CDF7B1F00D1E9C1 /* Resources */ = {
			isa = PBXResourcesBuildPhase;
			buildActionMask = 2147483647;
			files = (
			);
			runOnlyForDeploymentPostprocessing = 0;
		};
/* End PBXResourcesBuildPhase section */

/* Begin PBXSourcesBuildPhase section */
		6E9B95211CDF7B1F00D1E9C1 /* Sources */ = {
			isa = PBXSourcesBuildPhase;
			buildActionMask = 2147483647;
			files = (
				6E9B952B1CDF7B1F00D1E9C1 /* CardViewController.swift in Sources */,
				6EDAD1711CE0E27700FE7667 /* CardCollectionViewCell.swift in Sources */,
				6E9B95291CDF7B1F00D1E9C1 /* AppDelegate.swift in Sources */,
				6EDAD1741CE0E5D500FE7667 /* Card.swift in Sources */,
			);
			runOnlyForDeploymentPostprocessing = 0;
		};
		6E9B95351CDF7B1F00D1E9C1 /* Sources */ = {
			isa = PBXSourcesBuildPhase;
			buildActionMask = 2147483647;
			files = (
				6E9B953E1CDF7B1F00D1E9C1 /* MomentoMoriTests.swift in Sources */,
			);
			runOnlyForDeploymentPostprocessing = 0;
		};
		6E9B95401CDF7B1F00D1E9C1 /* Sources */ = {
			isa = PBXSourcesBuildPhase;
			buildActionMask = 2147483647;
			files = (
				6E9B95491CDF7B1F00D1E9C1 /* MomentoMoriUITests.swift in Sources */,
			);
			runOnlyForDeploymentPostprocessing = 0;
		};
/* End PBXSourcesBuildPhase section */

/* Begin PBXTargetDependency section */
		6E9B953B1CDF7B1F00D1E9C1 /* PBXTargetDependency */ = {
			isa = PBXTargetDependency;
			target = 6E9B95241CDF7B1F00D1E9C1 /* MomentoMori */;
			targetProxy = 6E9B953A1CDF7B1F00D1E9C1 /* PBXContainerItemProxy */;
		};
		6E9B95461CDF7B1F00D1E9C1 /* PBXTargetDependency */ = {
			isa = PBXTargetDependency;
			target = 6E9B95241CDF7B1F00D1E9C1 /* MomentoMori */;
			targetProxy = 6E9B95451CDF7B1F00D1E9C1 /* PBXContainerItemProxy */;
		};
/* End PBXTargetDependency section */

/* Begin PBXVariantGroup section */
		6E9B952C1CDF7B1F00D1E9C1 /* Main.storyboard */ = {
			isa = PBXVariantGroup;
			children = (
				6E9B952D1CDF7B1F00D1E9C1 /* Base */,
			);
			name = Main.storyboard;
			sourceTree = "<group>";
		};
		6E9B95311CDF7B1F00D1E9C1 /* LaunchScreen.storyboard */ = {
			isa = PBXVariantGroup;
			children = (
				6E9B95321CDF7B1F00D1E9C1 /* Base */,
			);
			name = LaunchScreen.storyboard;
			sourceTree = "<group>";
		};
/* End PBXVariantGroup section */

/* Begin XCBuildConfiguration section */
		6E9B954B1CDF7B1F00D1E9C1 /* Debug */ = {
			isa = XCBuildConfiguration;
			buildSettings = {
				ALWAYS_SEARCH_USER_PATHS = NO;
				CLANG_ANALYZER_NONNULL = YES;
				CLANG_CXX_LANGUAGE_STANDARD = "gnu++0x";
				CLANG_CXX_LIBRARY = "libc++";
				CLANG_ENABLE_MODULES = YES;
				CLANG_ENABLE_OBJC_ARC = YES;
				CLANG_WARN_BOOL_CONVERSION = YES;
				CLANG_WARN_CONSTANT_CONVERSION = YES;
				CLANG_WARN_DIRECT_OBJC_ISA_USAGE = YES_ERROR;
				CLANG_WARN_EMPTY_BODY = YES;
				CLANG_WARN_ENUM_CONVERSION = YES;
				CLANG_WARN_INT_CONVERSION = YES;
				CLANG_WARN_OBJC_ROOT_CLASS = YES_ERROR;
				CLANG_WARN_UNREACHABLE_CODE = YES;
				CLANG_WARN__DUPLICATE_METHOD_MATCH = YES;
				"CODE_SIGN_IDENTITY[sdk=iphoneos*]" = "iPhone Developer";
				COPY_PHASE_STRIP = NO;
				DEBUG_INFORMATION_FORMAT = dwarf;
				ENABLE_STRICT_OBJC_MSGSEND = YES;
				ENABLE_TESTABILITY = YES;
				GCC_C_LANGUAGE_STANDARD = gnu99;
				GCC_DYNAMIC_NO_PIC = NO;
				GCC_NO_COMMON_BLOCKS = YES;
				GCC_OPTIMIZATION_LEVEL = 0;
				GCC_PREPROCESSOR_DEFINITIONS = (
					"DEBUG=1",
					"$(inherited)",
				);
				GCC_WARN_64_TO_32_BIT_CONVERSION = YES;
				GCC_WARN_ABOUT_RETURN_TYPE = YES_ERROR;
				GCC_WARN_UNDECLARED_SELECTOR = YES;
				GCC_WARN_UNINITIALIZED_AUTOS = YES_AGGRESSIVE;
				GCC_WARN_UNUSED_FUNCTION = YES;
				GCC_WARN_UNUSED_VARIABLE = YES;
				IPHONEOS_DEPLOYMENT_TARGET = 9.3;
				MTL_ENABLE_DEBUG_INFO = YES;
				ONLY_ACTIVE_ARCH = YES;
				SDKROOT = iphoneos;
				SWIFT_OPTIMIZATION_LEVEL = "-Onone";
			};
			name = Debug;
		};
		6E9B954C1CDF7B1F00D1E9C1 /* Release */ = {
			isa = XCBuildConfiguration;
			buildSettings = {
				ALWAYS_SEARCH_USER_PATHS = NO;
				CLANG_ANALYZER_NONNULL = YES;
				CLANG_CXX_LANGUAGE_STANDARD = "gnu++0x";
				CLANG_CXX_LIBRARY = "libc++";
				CLANG_ENABLE_MODULES = YES;
				CLANG_ENABLE_OBJC_ARC = YES;
				CLANG_WARN_BOOL_CONVERSION = YES;
				CLANG_WARN_CONSTANT_CONVERSION = YES;
				CLANG_WARN_DIRECT_OBJC_ISA_USAGE = YES_ERROR;
				CLANG_WARN_EMPTY_BODY = YES;
				CLANG_WARN_ENUM_CONVERSION = YES;
				CLANG_WARN_INT_CONVERSION = YES;
				CLANG_WARN_OBJC_ROOT_CLASS = YES_ERROR;
				CLANG_WARN_UNREACHABLE_CODE = YES;
				CLANG_WARN__DUPLICATE_METHOD_MATCH = YES;
				"CODE_SIGN_IDENTITY[sdk=iphoneos*]" = "iPhone Developer";
				COPY_PHASE_STRIP = NO;
				DEBUG_INFORMATION_FORMAT = "dwarf-with-dsym";
				ENABLE_NS_ASSERTIONS = NO;
				ENABLE_STRICT_OBJC_MSGSEND = YES;
				GCC_C_LANGUAGE_STANDARD = gnu99;
				GCC_NO_COMMON_BLOCKS = YES;
				GCC_WARN_64_TO_32_BIT_CONVERSION = YES;
				GCC_WARN_ABOUT_RETURN_TYPE = YES_ERROR;
				GCC_WARN_UNDECLARED_SELECTOR = YES;
				GCC_WARN_UNINITIALIZED_AUTOS = YES_AGGRESSIVE;
				GCC_WARN_UNUSED_FUNCTION = YES;
				GCC_WARN_UNUSED_VARIABLE = YES;
				IPHONEOS_DEPLOYMENT_TARGET = 9.3;
				MTL_ENABLE_DEBUG_INFO = NO;
				SDKROOT = iphoneos;
				VALIDATE_PRODUCT = YES;
			};
			name = Release;
		};
		6E9B954E1CDF7B1F00D1E9C1 /* Debug */ = {
			isa = XCBuildConfiguration;
			buildSettings = {
				ASSETCATALOG_COMPILER_APPICON_NAME = AppIcon;
				INFOPLIST_FILE = MomentoMori/Info.plist;
				LD_RUNPATH_SEARCH_PATHS = "$(inherited) @executable_path/Frameworks";
				PRODUCT_BUNDLE_IDENTIFIER = woodme.MomentoMori;
				PRODUCT_NAME = "$(TARGET_NAME)";
			};
			name = Debug;
		};
		6E9B954F1CDF7B1F00D1E9C1 /* Release */ = {
			isa = XCBuildConfiguration;
			buildSettings = {
				ASSETCATALOG_COMPILER_APPICON_NAME = AppIcon;
				INFOPLIST_FILE = MomentoMori/Info.plist;
				LD_RUNPATH_SEARCH_PATHS = "$(inherited) @executable_path/Frameworks";
				PRODUCT_BUNDLE_IDENTIFIER = woodme.MomentoMori;
				PRODUCT_NAME = "$(TARGET_NAME)";
			};
			name = Release;
		};
		6E9B95511CDF7B1F00D1E9C1 /* Debug */ = {
			isa = XCBuildConfiguration;
			buildSettings = {
				BUNDLE_LOADER = "$(TEST_HOST)";
				INFOPLIST_FILE = MomentoMoriTests/Info.plist;
				LD_RUNPATH_SEARCH_PATHS = "$(inherited) @executable_path/Frameworks @loader_path/Frameworks";
				PRODUCT_BUNDLE_IDENTIFIER = woodme.MomentoMoriTests;
				PRODUCT_NAME = "$(TARGET_NAME)";
				TEST_HOST = "$(BUILT_PRODUCTS_DIR)/MomentoMori.app/MomentoMori";
			};
			name = Debug;
		};
		6E9B95521CDF7B1F00D1E9C1 /* Release */ = {
			isa = XCBuildConfiguration;
			buildSettings = {
				BUNDLE_LOADER = "$(TEST_HOST)";
				INFOPLIST_FILE = MomentoMoriTests/Info.plist;
				LD_RUNPATH_SEARCH_PATHS = "$(inherited) @executable_path/Frameworks @loader_path/Frameworks";
				PRODUCT_BUNDLE_IDENTIFIER = woodme.MomentoMoriTests;
				PRODUCT_NAME = "$(TARGET_NAME)";
				TEST_HOST = "$(BUILT_PRODUCTS_DIR)/MomentoMori.app/MomentoMori";
			};
			name = Release;
		};
		6E9B95541CDF7B1F00D1E9C1 /* Debug */ = {
			isa = XCBuildConfiguration;
			buildSettings = {
				INFOPLIST_FILE = MomentoMoriUITests/Info.plist;
				LD_RUNPATH_SEARCH_PATHS = "$(inherited) @executable_path/Frameworks @loader_path/Frameworks";
				PRODUCT_BUNDLE_IDENTIFIER = woodme.MomentoMoriUITests;
				PRODUCT_NAME = "$(TARGET_NAME)";
				TEST_TARGET_NAME = MomentoMori;
			};
			name = Debug;
		};
		6E9B95551CDF7B1F00D1E9C1 /* Release */ = {
			isa = XCBuildConfiguration;
			buildSettings = {
				INFOPLIST_FILE = MomentoMoriUITests/Info.plist;
				LD_RUNPATH_SEARCH_PATHS = "$(inherited) @executable_path/Frameworks @loader_path/Frameworks";
				PRODUCT_BUNDLE_IDENTIFIER = woodme.MomentoMoriUITests;
				PRODUCT_NAME = "$(TARGET_NAME)";
				TEST_TARGET_NAME = MomentoMori;
			};
			name = Release;
		};
/* End XCBuildConfiguration section */

/* Begin XCConfigurationList section */
		6E9B95201CDF7B1F00D1E9C1 /* Build configuration list for PBXProject "MomentoMori" */ = {
			isa = XCConfigurationList;
			buildConfigurations = (
				6E9B954B1CDF7B1F00D1E9C1 /* Debug */,
				6E9B954C1CDF7B1F00D1E9C1 /* Release */,
			);
			defaultConfigurationIsVisible = 0;
			defaultConfigurationName = Release;
		};
		6E9B954D1CDF7B1F00D1E9C1 /* Build configuration list for PBXNativeTarget "MomentoMori" */ = {
			isa = XCConfigurationList;
			buildConfigurations = (
				6E9B954E1CDF7B1F00D1E9C1 /* Debug */,
				6E9B954F1CDF7B1F00D1E9C1 /* Release */,
			);
			defaultConfigurationIsVisible = 0;
			defaultConfigurationName = Release;
		};
		6E9B95501CDF7B1F00D1E9C1 /* Build configuration list for PBXNativeTarget "MomentoMoriTests" */ = {
			isa = XCConfigurationList;
			buildConfigurations = (
				6E9B95511CDF7B1F00D1E9C1 /* Debug */,
				6E9B95521CDF7B1F00D1E9C1 /* Release */,
			);
			defaultConfigurationIsVisible = 0;
			defaultConfigurationName = Release;
		};
		6E9B95531CDF7B1F00D1E9C1 /* Build configuration list for PBXNativeTarget "MomentoMoriUITests" */ = {
			isa = XCConfigurationList;
			buildConfigurations = (
				6E9B95541CDF7B1F00D1E9C1 /* Debug */,
				6E9B95551CDF7B1F00D1E9C1 /* Release */,
			);
			defaultConfigurationIsVisible = 0;
			defaultConfigurationName = Release;
		};
/* End XCConfigurationList section */
	};
	rootObject = 6E9B951D1CDF7B1F00D1E9C1 /* Project object */;
}
